
Microsoft Visual Studio Solution File, Format Version 12.00
Project("{FAE04EC0-301F-11D3-BF4B-00C04F79EFBC}") = "SocketDebugger", "SocketDebugger\SocketDebugger.csproj", "{74C67F95-322B-418B-A0BF-99C36E6E839B}"
EndProject
Global
	GlobalSection(SolutionConfigurationPlatforms) = preSolution
		Debug|Any CPU = Debug|Any CPU
		Release|Any CPU = Release|Any CPU
	EndGlobalSection
	GlobalSection(ProjectConfigurationPlatforms) = postSolution
		{74C67F95-322B-418B-A0BF-99C36E6E839B}.Debug|Any CPU.ActiveCfg = Debug|Any CPU
		{74C67F95-322B-418B-A0BF-99C36E6E839B}.Debug|Any CPU.Build.0 = Debug|Any CPU
		{74C67F95-322B-418B-A0BF-99C36E6E839B}.Release|Any CPU.ActiveCfg = Release|Any CPU
		{74C67F95-322B-418B-A0BF-99C36E6E839B}.Release|Any CPU.Build.0 = Release|Any CPU
	EndGlobalSection
EndGlobal
